
Microsoft Visual Studio Solution File, Format Version 12.00
# Visual Studio Version 17
VisualStudioVersion = 17.8.34322.80
MinimumVisualStudioVersion = 10.0.40219.1
Project("{FAE04EC0-301F-11D3-BF4B-00C04F79EFBC}") = "ToDoList.Api", "ToDoList.Api\ToDoList.Api.csproj", "{E8D6E739-EA1E-4431-A18A-49DA6F195BAD}"
EndProject
Project("{FAE04EC0-301F-11D3-BF4B-00C04F79EFBC}") = "ToDoList.Core", "ToDoList.Core\ToDoList.Core.csproj", "{A124F3AD-8ED4-4CAF-85B6-FCD0C624B396}"
EndProject
Project("{FAE04EC0-301F-11D3-BF4B-00C04F79EFBC}") = "ToDoList.Service", "ToDoList.Service\ToDoList.Service.csproj", "{6A87083F-7600-4CC1-947B-44D58C97737E}"
EndProject
Project("{FAE04EC0-301F-11D3-BF4B-00C04F79EFBC}") = "ToDoList.Infrustructure", "ToDoList.Infrustructure\ToDoList.Infrustructure.csproj", "{3B1164F1-C38B-41AC-A986-CBE3BA73F9B0}"
EndProject
Project("{FAE04EC0-301F-11D3-BF4B-00C04F79EFBC}") = "ToDoList.Data", "ToDoList.Data\ToDoList.Data.csproj", "{05BDCFD5-F2BE-404C-B802-264580A23232}"
EndProject
Global
	GlobalSection(SolutionConfigurationPlatforms) = preSolution
		Debug|Any CPU = Debug|Any CPU
		Release|Any CPU = Release|Any CPU
	EndGlobalSection
	GlobalSection(ProjectConfigurationPlatforms) = postSolution
		{E8D6E739-EA1E-4431-A18A-49DA6F195BAD}.Debug|Any CPU.ActiveCfg = Debug|Any CPU
		{E8D6E739-EA1E-4431-A18A-49DA6F195BAD}.Debug|Any CPU.Build.0 = Debug|Any CPU
		{E8D6E739-EA1E-4431-A18A-49DA6F195BAD}.Release|Any CPU.ActiveCfg = Release|Any CPU
		{E8D6E739-EA1E-4431-A18A-49DA6F195BAD}.Release|Any CPU.Build.0 = Release|Any CPU
		{A124F3AD-8ED4-4CAF-85B6-FCD0C624B396}.Debug|Any CPU.ActiveCfg = Debug|Any CPU
		{A124F3AD-8ED4-4CAF-85B6-FCD0C624B396}.Debug|Any CPU.Build.0 = Debug|Any CPU
		{A124F3AD-8ED4-4CAF-85B6-FCD0C624B396}.Release|Any CPU.ActiveCfg = Release|Any CPU
		{A124F3AD-8ED4-4CAF-85B6-FCD0C624B396}.Release|Any CPU.Build.0 = Release|Any CPU
		{6A87083F-7600-4CC1-947B-44D58C97737E}.Debug|Any CPU.ActiveCfg = Debug|Any CPU
		{6A87083F-7600-4CC1-947B-44D58C97737E}.Debug|Any CPU.Build.0 = Debug|Any CPU
		{6A87083F-7600-4CC1-947B-44D58C97737E}.Release|Any CPU.ActiveCfg = Release|Any CPU
		{6A87083F-7600-4CC1-947B-44D58C97737E}.Release|Any CPU.Build.0 = Release|Any CPU
		{3B1164F1-C38B-41AC-A986-CBE3BA73F9B0}.Debug|Any CPU.ActiveCfg = Debug|Any CPU
		{3B1164F1-C38B-41AC-A986-CBE3BA73F9B0}.Debug|Any CPU.Build.0 = Debug|Any CPU
		{3B1164F1-C38B-41AC-A986-CBE3BA73F9B0}.Release|Any CPU.ActiveCfg = Release|Any CPU
		{3B1164F1-C38B-41AC-A986-CBE3BA73F9B0}.Release|Any CPU.Build.0 = Release|Any CPU
		{05BDCFD5-F2BE-404C-B802-264580A23232}.Debug|Any CPU.ActiveCfg = Debug|Any CPU
		{05BDCFD5-F2BE-404C-B802-264580A23232}.Debug|Any CPU.Build.0 = Debug|Any CPU
		{05BDCFD5-F2BE-404C-B802-264580A23232}.Release|Any CPU.ActiveCfg = Release|Any CPU
		{05BDCFD5-F2BE-404C-B802-264580A23232}.Release|Any CPU.Build.0 = Release|Any CPU
	EndGlobalSection
	GlobalSection(SolutionProperties) = preSolution
		HideSolutionNode = FALSE
	EndGlobalSection
	GlobalSection(ExtensibilityGlobals) = postSolution
		SolutionGuid = {CE75D6A1-C52B-4981-89FC-E21C821EE241}
	EndGlobalSection
EndGlobal
